# THIS IS AN AUTOGENERATED FILE. DO NOT EDIT THIS FILE DIRECTLY.
# yarn lockfile v1


buffer-from@^1.0.0:
  version "1.1.1"
  resolved "https://registry.npm.taobao.org/buffer-from/download/buffer-from-1.1.1.tgz#32713bc028f75c02fdb710d7c7bcec1f2c6070ef"
  integrity sha1-MnE7wCj3XAL9txDXx7zsHyxgcO8=

coffeescript@^2.5.1:
  version "2.5.1"
  resolved "https://registry.npm.taobao.org/coffeescript/download/coffeescript-2.5.1.tgz#b2442a1f2c806139669534a54adc35010559d16a"
  integrity sha1-skQqHyyAYTlmlTSlStw1AQVZ0Wo=

source-map-support@^0.5.19:
  version "0.5.19"
  resolved "https://registry.nlark.com/source-map-support/download/source-map-support-0.5.19.tgz?cache=0&sync_timestamp=1618847050054&other_urls=https%3A%2F%2Fregistry.nlark.com%2Fsource-map-support%2Fdownload%2Fsource-map-support-0.5.19.tgz#a98b62f86dcaf4f67399648c085291ab9e8fed61"
  integrity sha1-qYti+G3K9PZzmWSMCFKRq56P7WE=
  dependencies:
    buffer-from "^1.0.0"
    source-map "^0.6.0"

source-map@^0.6.0:
  version "0.6.1"
  resolved "https://registry.nlark.com/source-map/download/source-map-0.6.1.tgz?cache=0&sync_timestamp=1618847019434&other_urls=https%3A%2F%2Fregistry.nlark.com%2Fsource-map%2Fdownload%2Fsource-map-0.6.1.tgz#74722af32e9614e9c287a8d0bbde48b5e2f1a263"
  integrity sha1-dHIq8y6WFOnCh6jQu95IteLxomM=
